// !$*UTF8*$!
{
	archiveVersion = 1;
	classes = {
	};
	objectVersion = 55;
	objects = {

/* Begin PBXBuildFile section */
		F572386828C88C3800354A2F /* Tapjoy.xcframework in Frameworks */ = {isa = PBXBuildFile; fileRef = F572386728C88C3800354A2F /* Tapjoy.xcframework */; };
		F572386A28C88CE300354A2F /* MobileCoreServices.framework in Frameworks */ = {isa = PBXBuildFile; fileRef = F572386928C88CE300354A2F /* MobileCoreServices.framework */; };
		F572389528C88FAC00354A2F /* FSSVideoInterstitialCustomEventTapjoy.m in Sources */ = {isa = PBXBuildFile; fileRef = F572387528C88FAC00354A2F /* FSSVideoInterstitialCustomEventTapjoy.m */; };
		F572389628C88FAC00354A2F /* FSSRewardedVideoCustomEventTapjoy.m in Sources */ = {isa = PBXBuildFile; fileRef = F572387628C88FAC00354A2F /* FSSRewardedVideoCustomEventTapjoy.m */; };
		F5F2BFDC28C82F6B0051122C /* AppDelegate.m in Sources */ = {isa = PBXBuildFile; fileRef = F5F2BFDB28C82F6B0051122C /* AppDelegate.m */; };
		F5F2BFDF28C82F6B0051122C /* SceneDelegate.m in Sources */ = {isa = PBXBuildFile; fileRef = F5F2BFDE28C82F6B0051122C /* SceneDelegate.m */; };
		F5F2BFE228C82F6B0051122C /* ViewController.m in Sources */ = {isa = PBXBuildFile; fileRef = F5F2BFE128C82F6B0051122C /* ViewController.m */; };
		F5F2BFE528C82F6B0051122C /* Main.storyboard in Resources */ = {isa = PBXBuildFile; fileRef = F5F2BFE328C82F6B0051122C /* Main.storyboard */; };
		F5F2BFE728C82F6D0051122C /* Assets.xcassets in Resources */ = {isa = PBXBuildFile; fileRef = F5F2BFE628C82F6D0051122C /* Assets.xcassets */; };
		F5F2BFEA28C82F6D0051122C /* LaunchScreen.storyboard in Resources */ = {isa = PBXBuildFile; fileRef = F5F2BFE828C82F6D0051122C /* LaunchScreen.storyboard */; };
		F5F2BFED28C82F6D0051122C /* main.m in Sources */ = {isa = PBXBuildFile; fileRef = F5F2BFEC28C82F6D0051122C /* main.m */; };
		F5F2BFF828C86B640051122C /* FluctSDK.xcframework in Frameworks */ = {isa = PBXBuildFile; fileRef = F5F2BFF728C86B640051122C /* FluctSDK.xcframework */; };
		F5F2BFFC28C86D290051122C /* FluctSDKResources.bundle in Resources */ = {isa = PBXBuildFile; fileRef = F5F2BFFB28C86D290051122C /* FluctSDKResources.bundle */; };
		F5F2C03528C86F4D0051122C /* AdSupport.framework in Frameworks */ = {isa = PBXBuildFile; fileRef = F5F2C03428C86F4D0051122C /* AdSupport.framework */; };
		F5F2C03728C86F570051122C /* CoreTelephony.framework in Frameworks */ = {isa = PBXBuildFile; fileRef = F5F2C03628C86F570051122C /* CoreTelephony.framework */; };
		F5F2C03928C86F620051122C /* MediaPlayer.framework in Frameworks */ = {isa = PBXBuildFile; fileRef = F5F2C03828C86F620051122C /* MediaPlayer.framework */; };
		F5F2C03B28C86F6A0051122C /* CoreMedia.framework in Frameworks */ = {isa = PBXBuildFile; fileRef = F5F2C03A28C86F6A0051122C /* CoreMedia.framework */; };
		F5F2C03D28C86F750051122C /* SystemConfiguration.framework in Frameworks */ = {isa = PBXBuildFile; fileRef = F5F2C03C28C86F750051122C /* SystemConfiguration.framework */; };
		F5F2C03F28C86F7D0051122C /* StoreKit.framework in Frameworks */ = {isa = PBXBuildFile; fileRef = F5F2C03E28C86F7D0051122C /* StoreKit.framework */; };
		F5F2C04128C86F860051122C /* Social.framework in Frameworks */ = {isa = PBXBuildFile; fileRef = F5F2C04028C86F860051122C /* Social.framework */; };
		F5F2C04328C86F960051122C /* AVFoundation.framework in Frameworks */ = {isa = PBXBuildFile; fileRef = F5F2C04228C86F960051122C /* AVFoundation.framework */; };
		F5F2C04528C86F9D0051122C /* WebKit.framework in Frameworks */ = {isa = PBXBuildFile; fileRef = F5F2C04428C86F9D0051122C /* WebKit.framework */; };
		F5F2C04728C86FA80051122C /* AppTrackingTransparency.framework in Frameworks */ = {isa = PBXBuildFile; fileRef = F5F2C04628C86FA80051122C /* AppTrackingTransparency.framework */; };
		F5F2C04928C875340051122C /* CFNetwork.framework in Frameworks */ = {isa = PBXBuildFile; fileRef = F5F2C04828C875340051122C /* CFNetwork.framework */; };
		F5F2C04A28C8753F0051122C /* SystemConfiguration.framework in Frameworks */ = {isa = PBXBuildFile; fileRef = F5F2C03C28C86F750051122C /* SystemConfiguration.framework */; };
		F5F2C04C28C875490051122C /* UIKit.framework in Frameworks */ = {isa = PBXBuildFile; fileRef = F5F2C04B28C875490051122C /* UIKit.framework */; };
		F5F2C05D28C878C90051122C /* libc++.tbd in Frameworks */ = {isa = PBXBuildFile; fileRef = F5F2C04D28C8755D0051122C /* libc++.tbd */; };
		F5F2C05E28C878D20051122C /* libz.tbd in Frameworks */ = {isa = PBXBuildFile; fileRef = F5F2C04E28C875670051122C /* libz.tbd */; };
/* End PBXBuildFile section */

/* Begin PBXFileReference section */
		F572386728C88C3800354A2F /* Tapjoy.xcframework */ = {isa = PBXFileReference; lastKnownFileType = wrapper.xcframework; name = Tapjoy.xcframework; path = "../../../../../Downloads/TapjoySDK_iOS_v12.10.0 2/Libraries/Tapjoy.xcframework"; sourceTree = "<group>"; };
		F572386928C88CE300354A2F /* MobileCoreServices.framework */ = {isa = PBXFileReference; lastKnownFileType = wrapper.framework; name = MobileCoreServices.framework; path = System/Library/Frameworks/MobileCoreServices.framework; sourceTree = SDKROOT; };
		F572387428C88FAC00354A2F /* FSSRewardedVideoCustomEventTapjoy.h */ = {isa = PBXFileReference; fileEncoding = 4; lastKnownFileType = sourcecode.c.h; path = FSSRewardedVideoCustomEventTapjoy.h; sourceTree = "<group>"; };
		F572387528C88FAC00354A2F /* FSSVideoInterstitialCustomEventTapjoy.m */ = {isa = PBXFileReference; fileEncoding = 4; lastKnownFileType = sourcecode.c.objc; path = FSSVideoInterstitialCustomEventTapjoy.m; sourceTree = "<group>"; };
		F572387628C88FAC00354A2F /* FSSRewardedVideoCustomEventTapjoy.m */ = {isa = PBXFileReference; fileEncoding = 4; lastKnownFileType = sourcecode.c.objc; path = FSSRewardedVideoCustomEventTapjoy.m; sourceTree = "<group>"; };
		F572387728C88FAC00354A2F /* FSSVideoInterstitialCustomEventTapjoy.h */ = {isa = PBXFileReference; fileEncoding = 4; lastKnownFileType = sourcecode.c.h; path = FSSVideoInterstitialCustomEventTapjoy.h; sourceTree = "<group>"; };
		F5F2BFD728C82F6B0051122C /* ManualInstallFluctSDK.app */ = {isa = PBXFileReference; explicitFileType = wrapper.application; includeInIndex = 0; path = ManualInstallFluctSDK.app; sourceTree = BUILT_PRODUCTS_DIR; };
		F5F2BFDA28C82F6B0051122C /* AppDelegate.h */ = {isa = PBXFileReference; lastKnownFileType = sourcecode.c.h; path = AppDelegate.h; sourceTree = "<group>"; };
		F5F2BFDB28C82F6B0051122C /* AppDelegate.m */ = {isa = PBXFileReference; lastKnownFileType = sourcecode.c.objc; path = AppDelegate.m; sourceTree = "<group>"; };
		F5F2BFDD28C82F6B0051122C /* SceneDelegate.h */ = {isa = PBXFileReference; lastKnownFileType = sourcecode.c.h; path = SceneDelegate.h; sourceTree = "<group>"; };
		F5F2BFDE28C82F6B0051122C /* SceneDelegate.m */ = {isa = PBXFileReference; lastKnownFileType = sourcecode.c.objc; path = SceneDelegate.m; sourceTree = "<group>"; };
		F5F2BFE028C82F6B0051122C /* ViewController.h */ = {isa = PBXFileReference; lastKnownFileType = sourcecode.c.h; path = ViewController.h; sourceTree = "<group>"; };
		F5F2BFE128C82F6B0051122C /* ViewController.m */ = {isa = PBXFileReference; lastKnownFileType = sourcecode.c.objc; path = ViewController.m; sourceTree = "<group>"; };
		F5F2BFE428C82F6B0051122C /* Base */ = {isa = PBXFileReference; lastKnownFileType = file.storyboard; name = Base; path = Base.lproj/Main.storyboard; sourceTree = "<group>"; };
		F5F2BFE628C82F6D0051122C /* Assets.xcassets */ = {isa = PBXFileReference; lastKnownFileType = folder.assetcatalog; path = Assets.xcassets; sourceTree = "<group>"; };
		F5F2BFE928C82F6D0051122C /* Base */ = {isa = PBXFileReference; lastKnownFileType = file.storyboard; name = Base; path = Base.lproj/LaunchScreen.storyboard; sourceTree = "<group>"; };
		F5F2BFEB28C82F6D0051122C /* Info.plist */ = {isa = PBXFileReference; lastKnownFileType = text.plist.xml; path = Info.plist; sourceTree = "<group>"; };
		F5F2BFEC28C82F6D0051122C /* main.m */ = {isa = PBXFileReference; lastKnownFileType = sourcecode.c.objc; path = main.m; sourceTree = "<group>"; };
		F5F2BFF728C86B640051122C /* FluctSDK.xcframework */ = {isa = PBXFileReference; lastKnownFileType = wrapper.xcframework; name = FluctSDK.xcframework; path = "../../../../../Downloads/FluctSDK-iOS-6.20.0/FluctSDK.embeddedframework/FluctSDK.xcframework"; sourceTree = "<group>"; };
		F5F2BFFB28C86D290051122C /* FluctSDKResources.bundle */ = {isa = PBXFileReference; lastKnownFileType = "wrapper.plug-in"; name = FluctSDKResources.bundle; path = "../../../../../Downloads/FluctSDK-iOS-6.20.0/FluctSDK.embeddedframework/Resources/FluctSDKResources.bundle"; sourceTree = "<group>"; };
		F5F2C03428C86F4D0051122C /* AdSupport.framework */ = {isa = PBXFileReference; lastKnownFileType = wrapper.framework; name = AdSupport.framework; path = System/Library/Frameworks/AdSupport.framework; sourceTree = SDKROOT; };
		F5F2C03628C86F570051122C /* CoreTelephony.framework */ = {isa = PBXFileReference; lastKnownFileType = wrapper.framework; name = CoreTelephony.framework; path = System/Library/Frameworks/CoreTelephony.framework; sourceTree = SDKROOT; };
		F5F2C03828C86F620051122C /* MediaPlayer.framework */ = {isa = PBXFileReference; lastKnownFileType = wrapper.framework; name = MediaPlayer.framework; path = System/Library/Frameworks/MediaPlayer.framework; sourceTree = SDKROOT; };
		F5F2C03A28C86F6A0051122C /* CoreMedia.framework */ = {isa = PBXFileReference; lastKnownFileType = wrapper.framework; name = CoreMedia.framework; path = System/Library/Frameworks/CoreMedia.framework; sourceTree = SDKROOT; };
		F5F2C03C28C86F750051122C /* SystemConfiguration.framework */ = {isa = PBXFileReference; lastKnownFileType = wrapper.framework; name = SystemConfiguration.framework; path = System/Library/Frameworks/SystemConfiguration.framework; sourceTree = SDKROOT; };
		F5F2C03E28C86F7D0051122C /* StoreKit.framework */ = {isa = PBXFileReference; lastKnownFileType = wrapper.framework; name = StoreKit.framework; path = System/Library/Frameworks/StoreKit.framework; sourceTree = SDKROOT; };
		F5F2C04028C86F860051122C /* Social.framework */ = {isa = PBXFileReference; lastKnownFileType = wrapper.framework; name = Social.framework; path = System/Library/Frameworks/Social.framework; sourceTree = SDKROOT; };
		F5F2C04228C86F960051122C /* AVFoundation.framework */ = {isa = PBXFileReference; lastKnownFileType = wrapper.framework; name = AVFoundation.framework; path = System/Library/Frameworks/AVFoundation.framework; sourceTree = SDKROOT; };
		F5F2C04428C86F9D0051122C /* WebKit.framework */ = {isa = PBXFileReference; lastKnownFileType = wrapper.framework; name = WebKit.framework; path = System/Library/Frameworks/WebKit.framework; sourceTree = SDKROOT; };
		F5F2C04628C86FA80051122C /* AppTrackingTransparency.framework */ = {isa = PBXFileReference; lastKnownFileType = wrapper.framework; name = AppTrackingTransparency.framework; path = System/Library/Frameworks/AppTrackingTransparency.framework; sourceTree = SDKROOT; };
		F5F2C04828C875340051122C /* CFNetwork.framework */ = {isa = PBXFileReference; lastKnownFileType = wrapper.framework; name = CFNetwork.framework; path = System/Library/Frameworks/CFNetwork.framework; sourceTree = SDKROOT; };
		F5F2C04B28C875490051122C /* UIKit.framework */ = {isa = PBXFileReference; lastKnownFileType = wrapper.framework; name = UIKit.framework; path = System/Library/Frameworks/UIKit.framework; sourceTree = SDKROOT; };
		F5F2C04D28C8755D0051122C /* libc++.tbd */ = {isa = PBXFileReference; lastKnownFileType = "sourcecode.text-based-dylib-definition"; name = "libc++.tbd"; path = "usr/lib/libc++.tbd"; sourceTree = SDKROOT; };
		F5F2C04E28C875670051122C /* libz.tbd */ = {isa = PBXFileReference; lastKnownFileType = "sourcecode.text-based-dylib-definition"; name = libz.tbd; path = usr/lib/libz.tbd; sourceTree = SDKROOT; };
		F5F2C04F28C875760051122C /* PassKit.framework */ = {isa = PBXFileReference; lastKnownFileType = wrapper.framework; name = PassKit.framework; path = System/Library/Frameworks/PassKit.framework; sourceTree = SDKROOT; };
		F5F2C05128C875850051122C /* CoreGraphics.framework */ = {isa = PBXFileReference; lastKnownFileType = wrapper.framework; name = CoreGraphics.framework; path = System/Library/Frameworks/CoreGraphics.framework; sourceTree = SDKROOT; };
		F5F2C05328C875B20051122C /* Tapjoy.xcframework */ = {isa = PBXFileReference; lastKnownFileType = wrapper.xcframework; name = Tapjoy.xcframework; path = "../../../../Downloads/TapjoySDK_iOS_v12.10.0 2/Libraries/Tapjoy.xcframework"; sourceTree = "<group>"; };
		F5F2C05928C877650051122C /* Tapjoy.xcframework */ = {isa = PBXFileReference; lastKnownFileType = wrapper.xcframework; path = Tapjoy.xcframework; sourceTree = "<group>"; };
		F5F2C05B28C877D40051122C /* Tapjoy.xcframework */ = {isa = PBXFileReference; lastKnownFileType = wrapper.xcframework; path = Tapjoy.xcframework; sourceTree = "<group>"; };
/* End PBXFileReference section */

/* Begin PBXFrameworksBuildPhase section */
		F5F2BFD428C82F6B0051122C /* Frameworks */ = {
			isa = PBXFrameworksBuildPhase;
			buildActionMask = 2147483647;
			files = (
				F572386A28C88CE300354A2F /* MobileCoreServices.framework in Frameworks */,
				F5F2C05E28C878D20051122C /* libz.tbd in Frameworks */,
				F5F2C05D28C878C90051122C /* libc++.tbd in Frameworks */,
				F5F2C04528C86F9D0051122C /* WebKit.framework in Frameworks */,
				F5F2BFF828C86B640051122C /* FluctSDK.xcframework in Frameworks */,
				F572386828C88C3800354A2F /* Tapjoy.xcframework in Frameworks */,
				F5F2C04728C86FA80051122C /* AppTrackingTransparency.framework in Frameworks */,
				F5F2C03F28C86F7D0051122C /* StoreKit.framework in Frameworks */,
				F5F2C04328C86F960051122C /* AVFoundation.framework in Frameworks */,
				F5F2C04C28C875490051122C /* UIKit.framework in Frameworks */,
				F5F2C04A28C8753F0051122C /* SystemConfiguration.framework in Frameworks */,
				F5F2C03728C86F570051122C /* CoreTelephony.framework in Frameworks */,
				F5F2C04928C875340051122C /* CFNetwork.framework in Frameworks */,
				F5F2C03928C86F620051122C /* MediaPlayer.framework in Frameworks */,
				F5F2C03528C86F4D0051122C /* AdSupport.framework in Frameworks */,
				F5F2C03D28C86F750051122C /* SystemConfiguration.framework in Frameworks */,
				F5F2C03B28C86F6A0051122C /* CoreMedia.framework in Frameworks */,
				F5F2C04128C86F860051122C /* Social.framework in Frameworks */,
			);
			runOnlyForDeploymentPostprocessing = 0;
		};
/* End PBXFrameworksBuildPhase section */

/* Begin PBXGroup section */
		F572386B28C88FAC00354A2F /* FluctSDK-MediationAdapter */ = {
			isa = PBXGroup;
			children = (
				F572387328C88FAC00354A2F /* Tapjoy */,
			);
			path = "FluctSDK-MediationAdapter";
			sourceTree = "<group>";
		};
		F572387328C88FAC00354A2F /* Tapjoy */ = {
			isa = PBXGroup;
			children = (
				F572387428C88FAC00354A2F /* FSSRewardedVideoCustomEventTapjoy.h */,
				F572387528C88FAC00354A2F /* FSSVideoInterstitialCustomEventTapjoy.m */,
				F572387628C88FAC00354A2F /* FSSRewardedVideoCustomEventTapjoy.m */,
				F572387728C88FAC00354A2F /* FSSVideoInterstitialCustomEventTapjoy.h */,
			);
			path = Tapjoy;
			sourceTree = "<group>";
		};
		F5F2BFCE28C82F6B0051122C = {
			isa = PBXGroup;
			children = (
				F5F2BFD928C82F6B0051122C /* ManualInstallFluctSDK */,
				F5F2BFD828C82F6B0051122C /* Products */,
				F5F2C03328C86F4D0051122C /* Frameworks */,
			);
			sourceTree = "<group>";
		};
		F5F2BFD828C82F6B0051122C /* Products */ = {
			isa = PBXGroup;
			children = (
				F5F2BFD728C82F6B0051122C /* ManualInstallFluctSDK.app */,
			);
			name = Products;
			sourceTree = "<group>";
		};
		F5F2BFD928C82F6B0051122C /* ManualInstallFluctSDK */ = {
			isa = PBXGroup;
			children = (
				F5F2C05B28C877D40051122C /* Tapjoy.xcframework */,
				F572386B28C88FAC00354A2F /* FluctSDK-MediationAdapter */,
				F5F2BFDA28C82F6B0051122C /* AppDelegate.h */,
				F5F2BFDB28C82F6B0051122C /* AppDelegate.m */,
				F5F2BFDD28C82F6B0051122C /* SceneDelegate.h */,
				F5F2BFDE28C82F6B0051122C /* SceneDelegate.m */,
				F5F2BFE028C82F6B0051122C /* ViewController.h */,
				F5F2BFE128C82F6B0051122C /* ViewController.m */,
				F5F2BFE328C82F6B0051122C /* Main.storyboard */,
				F5F2BFE628C82F6D0051122C /* Assets.xcassets */,
				F5F2BFE828C82F6D0051122C /* LaunchScreen.storyboard */,
				F5F2BFEB28C82F6D0051122C /* Info.plist */,
				F5F2BFEC28C82F6D0051122C /* main.m */,
				F5F2BFF728C86B640051122C /* FluctSDK.xcframework */,
				F572386728C88C3800354A2F /* Tapjoy.xcframework */,
				F5F2BFFB28C86D290051122C /* FluctSDKResources.bundle */,
			);
			path = ManualInstallFluctSDK;
			sourceTree = "<group>";
		};
		F5F2C03328C86F4D0051122C /* Frameworks */ = {
			isa = PBXGroup;
			children = (
				F572386928C88CE300354A2F /* MobileCoreServices.framework */,
				F5F2C05328C875B20051122C /* Tapjoy.xcframework */,
				F5F2C05928C877650051122C /* Tapjoy.xcframework */,
				F5F2C05128C875850051122C /* CoreGraphics.framework */,
				F5F2C04F28C875760051122C /* PassKit.framework */,
				F5F2C04E28C875670051122C /* libz.tbd */,
				F5F2C04D28C8755D0051122C /* libc++.tbd */,
				F5F2C04B28C875490051122C /* UIKit.framework */,
				F5F2C04828C875340051122C /* CFNetwork.framework */,
				F5F2C04628C86FA80051122C /* AppTrackingTransparency.framework */,
				F5F2C04428C86F9D0051122C /* WebKit.framework */,
				F5F2C04228C86F960051122C /* AVFoundation.framework */,
				F5F2C04028C86F860051122C /* Social.framework */,
				F5F2C03E28C86F7D0051122C /* StoreKit.framework */,
				F5F2C03C28C86F750051122C /* SystemConfiguration.framework */,
				F5F2C03A28C86F6A0051122C /* CoreMedia.framework */,
				F5F2C03828C86F620051122C /* MediaPlayer.framework */,
				F5F2C03628C86F570051122C /* CoreTelephony.framework */,
				F5F2C03428C86F4D0051122C /* AdSupport.framework */,
			);
			name = Frameworks;
			sourceTree = "<group>";
		};
/* End PBXGroup section */

/* Begin PBXNativeTarget section */
		F5F2BFD628C82F6B0051122C /* ManualInstallFluctSDK */ = {
			isa = PBXNativeTarget;
			buildConfigurationList = F5F2BFF028C82F6D0051122C /* Build configuration list for PBXNativeTarget "ManualInstallFluctSDK" */;
			buildPhases = (
				F5F2BFD328C82F6B0051122C /* Sources */,
				F5F2BFD428C82F6B0051122C /* Frameworks */,
				F5F2BFD528C82F6B0051122C /* Resources */,
			);
			buildRules = (
			);
			dependencies = (
			);
			name = ManualInstallFluctSDK;
			productName = ManualInstallFluctSDK;
			productReference = F5F2BFD728C82F6B0051122C /* ManualInstallFluctSDK.app */;
			productType = "com.apple.product-type.application";
		};
/* End PBXNativeTarget section */

/* Begin PBXProject section */
		F5F2BFCF28C82F6B0051122C /* Project object */ = {
			isa = PBXProject;
			attributes = {
				BuildIndependentTargetsInParallel = 1;
				LastUpgradeCheck = 1330;
				TargetAttributes = {
					F5F2BFD628C82F6B0051122C = {
						CreatedOnToolsVersion = 13.3.1;
					};
				};
			};
			buildConfigurationList = F5F2BFD228C82F6B0051122C /* Build configuration list for PBXProject "ManualInstallFluctSDK" */;
			compatibilityVersion = "Xcode 13.0";
			developmentRegion = en;
			hasScannedForEncodings = 0;
			knownRegions = (
				en,
				Base,
			);
			mainGroup = F5F2BFCE28C82F6B0051122C;
			productRefGroup = F5F2BFD828C82F6B0051122C /* Products */;
			projectDirPath = "";
			projectRoot = "";
			targets = (
				F5F2BFD628C82F6B0051122C /* ManualInstallFluctSDK */,
			);
		};
/* End PBXProject section */

/* Begin PBXResourcesBuildPhase section */
		F5F2BFD528C82F6B0051122C /* Resources */ = {
			isa = PBXResourcesBuildPhase;
			buildActionMask = 2147483647;
			files = (
				F5F2BFEA28C82F6D0051122C /* LaunchScreen.storyboard in Resources */,
				F5F2BFE728C82F6D0051122C /* Assets.xcassets in Resources */,
				F5F2BFE528C82F6B0051122C /* Main.storyboard in Resources */,
				F5F2BFFC28C86D290051122C /* FluctSDKResources.bundle in Resources */,
			);
			runOnlyForDeploymentPostprocessing = 0;
		};
/* End PBXResourcesBuildPhase section */

/* Begin PBXSourcesBuildPhase section */
		F5F2BFD328C82F6B0051122C /* Sources */ = {
			isa = PBXSourcesBuildPhase;
			buildActionMask = 2147483647;
			files = (
				F5F2BFE228C82F6B0051122C /* ViewController.m in Sources */,
				F5F2BFDC28C82F6B0051122C /* AppDelegate.m in Sources */,
				F5F2BFED28C82F6D0051122C /* main.m in Sources */,
				F5F2BFDF28C82F6B0051122C /* SceneDelegate.m in Sources */,
				F572389528C88FAC00354A2F /* FSSVideoInterstitialCustomEventTapjoy.m in Sources */,
				F572389628C88FAC00354A2F /* FSSRewardedVideoCustomEventTapjoy.m in Sources */,
			);
			runOnlyForDeploymentPostprocessing = 0;
		};
/* End PBXSourcesBuildPhase section */

/* Begin PBXVariantGroup section */
		F5F2BFE328C82F6B0051122C /* Main.storyboard */ = {
			isa = PBXVariantGroup;
			children = (
				F5F2BFE428C82F6B0051122C /* Base */,
			);
			name = Main.storyboard;
			sourceTree = "<group>";
		};
		F5F2BFE828C82F6D0051122C /* LaunchScreen.storyboard */ = {
			isa = PBXVariantGroup;
			children = (
				F5F2BFE928C82F6D0051122C /* Base */,
			);
			name = LaunchScreen.storyboard;
			sourceTree = "<group>";
		};
/* End PBXVariantGroup section */

/* Begin XCBuildConfiguration section */
		F5F2BFEE28C82F6D0051122C /* Debug */ = {
			isa = XCBuildConfiguration;
			buildSettings = {
				ALWAYS_SEARCH_USER_PATHS = NO;
				CLANG_ANALYZER_NONNULL = YES;
				CLANG_ANALYZER_NUMBER_OBJECT_CONVERSION = YES_AGGRESSIVE;
				CLANG_CXX_LANGUAGE_STANDARD = "gnu++17";
				CLANG_ENABLE_MODULES = YES;
				CLANG_ENABLE_OBJC_ARC = YES;
				CLANG_ENABLE_OBJC_WEAK = YES;
				CLANG_WARN_BLOCK_CAPTURE_AUTORELEASING = YES;
				CLANG_WARN_BOOL_CONVERSION = YES;
				CLANG_WARN_COMMA = YES;
				CLANG_WARN_CONSTANT_CONVERSION = YES;
				CLANG_WARN_DEPRECATED_OBJC_IMPLEMENTATIONS = YES;
				CLANG_WARN_DIRECT_OBJC_ISA_USAGE = YES_ERROR;
				CLANG_WARN_DOCUMENTATION_COMMENTS = YES;
				CLANG_WARN_EMPTY_BODY = YES;
				CLANG_WARN_ENUM_CONVERSION = YES;
				CLANG_WARN_INFINITE_RECURSION = YES;
				CLANG_WARN_INT_CONVERSION = YES;
				CLANG_WARN_NON_LITERAL_NULL_CONVERSION = YES;
				CLANG_WARN_OBJC_IMPLICIT_RETAIN_SELF = YES;
				CLANG_WARN_OBJC_LITERAL_CONVERSION = YES;
				CLANG_WARN_OBJC_ROOT_CLASS = YES_ERROR;
				CLANG_WARN_QUOTED_INCLUDE_IN_FRAMEWORK_HEADER = YES;
				CLANG_WARN_RANGE_LOOP_ANALYSIS = YES;
				CLANG_WARN_STRICT_PROTOTYPES = YES;
				CLANG_WARN_SUSPICIOUS_MOVE = YES;
				CLANG_WARN_UNGUARDED_AVAILABILITY = YES_AGGRESSIVE;
				CLANG_WARN_UNREACHABLE_CODE = YES;
				CLANG_WARN__DUPLICATE_METHOD_MATCH = YES;
				COPY_PHASE_STRIP = NO;
				DEBUG_INFORMATION_FORMAT = dwarf;
				ENABLE_STRICT_OBJC_MSGSEND = YES;
				ENABLE_TESTABILITY = YES;
				GCC_C_LANGUAGE_STANDARD = gnu11;
				GCC_DYNAMIC_NO_PIC = NO;
				GCC_NO_COMMON_BLOCKS = YES;
				GCC_OPTIMIZATION_LEVEL = 0;
				GCC_PREPROCESSOR_DEFINITIONS = (
					"DEBUG=1",
					"$(inherited)",
				);
				GCC_WARN_64_TO_32_BIT_CONVERSION = YES;
				GCC_WARN_ABOUT_RETURN_TYPE = YES_ERROR;
				GCC_WARN_UNDECLARED_SELECTOR = YES;
				GCC_WARN_UNINITIALIZED_AUTOS = YES_AGGRESSIVE;
				GCC_WARN_UNUSED_FUNCTION = YES;
				GCC_WARN_UNUSED_VARIABLE = YES;
				IPHONEOS_DEPLOYMENT_TARGET = 15.4;
				MTL_ENABLE_DEBUG_INFO = INCLUDE_SOURCE;
				MTL_FAST_MATH = YES;
				ONLY_ACTIVE_ARCH = YES;
				SDKROOT = iphoneos;
			};
			name = Debug;
		};
		F5F2BFEF28C82F6D0051122C /* Release */ = {
			isa = XCBuildConfiguration;
			buildSettings = {
				ALWAYS_SEARCH_USER_PATHS = NO;
				CLANG_ANALYZER_NONNULL = YES;
				CLANG_ANALYZER_NUMBER_OBJECT_CONVERSION = YES_AGGRESSIVE;
				CLANG_CXX_LANGUAGE_STANDARD = "gnu++17";
				CLANG_ENABLE_MODULES = YES;
				CLANG_ENABLE_OBJC_ARC = YES;
				CLANG_ENABLE_OBJC_WEAK = YES;
				CLANG_WARN_BLOCK_CAPTURE_AUTORELEASING = YES;
				CLANG_WARN_BOOL_CONVERSION = YES;
				CLANG_WARN_COMMA = YES;
				CLANG_WARN_CONSTANT_CONVERSION = YES;
				CLANG_WARN_DEPRECATED_OBJC_IMPLEMENTATIONS = YES;
				CLANG_WARN_DIRECT_OBJC_ISA_USAGE = YES_ERROR;
				CLANG_WARN_DOCUMENTATION_COMMENTS = YES;
				CLANG_WARN_EMPTY_BODY = YES;
				CLANG_WARN_ENUM_CONVERSION = YES;
				CLANG_WARN_INFINITE_RECURSION = YES;
				CLANG_WARN_INT_CONVERSION = YES;
				CLANG_WARN_NON_LITERAL_NULL_CONVERSION = YES;
				CLANG_WARN_OBJC_IMPLICIT_RETAIN_SELF = YES;
				CLANG_WARN_OBJC_LITERAL_CONVERSION = YES;
				CLANG_WARN_OBJC_ROOT_CLASS = YES_ERROR;
				CLANG_WARN_QUOTED_INCLUDE_IN_FRAMEWORK_HEADER = YES;
				CLANG_WARN_RANGE_LOOP_ANALYSIS = YES;
				CLANG_WARN_STRICT_PROTOTYPES = YES;
				CLANG_WARN_SUSPICIOUS_MOVE = YES;
				CLANG_WARN_UNGUARDED_AVAILABILITY = YES_AGGRESSIVE;
				CLANG_WARN_UNREACHABLE_CODE = YES;
				CLANG_WARN__DUPLICATE_METHOD_MATCH = YES;
				COPY_PHASE_STRIP = NO;
				DEBUG_INFORMATION_FORMAT = "dwarf-with-dsym";
				ENABLE_NS_ASSERTIONS = NO;
				ENABLE_STRICT_OBJC_MSGSEND = YES;
				GCC_C_LANGUAGE_STANDARD = gnu11;
				GCC_NO_COMMON_BLOCKS = YES;
				GCC_WARN_64_TO_32_BIT_CONVERSION = YES;
				GCC_WARN_ABOUT_RETURN_TYPE = YES_ERROR;
				GCC_WARN_UNDECLARED_SELECTOR = YES;
				GCC_WARN_UNINITIALIZED_AUTOS = YES_AGGRESSIVE;
				GCC_WARN_UNUSED_FUNCTION = YES;
				GCC_WARN_UNUSED_VARIABLE = YES;
				IPHONEOS_DEPLOYMENT_TARGET = 15.4;
				MTL_ENABLE_DEBUG_INFO = NO;
				MTL_FAST_MATH = YES;
				SDKROOT = iphoneos;
				VALIDATE_PRODUCT = YES;
			};
			name = Release;
		};
		F5F2BFF128C82F6D0051122C /* Debug */ = {
			isa = XCBuildConfiguration;
			buildSettings = {
				ASSETCATALOG_COMPILER_APPICON_NAME = AppIcon;
				ASSETCATALOG_COMPILER_GLOBAL_ACCENT_COLOR_NAME = AccentColor;
				CODE_SIGN_STYLE = Automatic;
				CURRENT_PROJECT_VERSION = 1;
				DEVELOPMENT_TEAM = 89XPZ7US27;
				GENERATE_INFOPLIST_FILE = YES;
				INFOPLIST_FILE = ManualInstallFluctSDK/Info.plist;
				INFOPLIST_KEY_UIApplicationSupportsIndirectInputEvents = YES;
				INFOPLIST_KEY_UILaunchStoryboardName = LaunchScreen;
				INFOPLIST_KEY_UIMainStoryboardFile = Main;
				INFOPLIST_KEY_UISupportedInterfaceOrientations_iPad = "UIInterfaceOrientationPortrait UIInterfaceOrientationPortraitUpsideDown UIInterfaceOrientationLandscapeLeft UIInterfaceOrientationLandscapeRight";
				INFOPLIST_KEY_UISupportedInterfaceOrientations_iPhone = "UIInterfaceOrientationPortrait UIInterfaceOrientationLandscapeLeft UIInterfaceOrientationLandscapeRight";
				LD_RUNPATH_SEARCH_PATHS = (
					"$(inherited)",
					"@executable_path/Frameworks",
				);
				MARKETING_VERSION = 1.0;
				OTHER_LDFLAGS = "-ObjC";
				PRODUCT_BUNDLE_IDENTIFIER = sample.ManualInstallFluctSDK;
				PRODUCT_NAME = "$(TARGET_NAME)";
				SWIFT_EMIT_LOC_STRINGS = YES;
				TARGETED_DEVICE_FAMILY = "1,2";
			};
			name = Debug;
		};
		F5F2BFF228C82F6D0051122C /* Release */ = {
			isa = XCBuildConfiguration;
			buildSettings = {
				ASSETCATALOG_COMPILER_APPICON_NAME = AppIcon;
				ASSETCATALOG_COMPILER_GLOBAL_ACCENT_COLOR_NAME = AccentColor;
				CODE_SIGN_STYLE = Automatic;
				CURRENT_PROJECT_VERSION = 1;
				DEVELOPMENT_TEAM = 89XPZ7US27;
				GENERATE_INFOPLIST_FILE = YES;
				INFOPLIST_FILE = ManualInstallFluctSDK/Info.plist;
				INFOPLIST_KEY_UIApplicationSupportsIndirectInputEvents = YES;
				INFOPLIST_KEY_UILaunchStoryboardName = LaunchScreen;
				INFOPLIST_KEY_UIMainStoryboardFile = Main;
				INFOPLIST_KEY_UISupportedInterfaceOrientations_iPad = "UIInterfaceOrientationPortrait UIInterfaceOrientationPortraitUpsideDown UIInterfaceOrientationLandscapeLeft UIInterfaceOrientationLandscapeRight";
				INFOPLIST_KEY_UISupportedInterfaceOrientations_iPhone = "UIInterfaceOrientationPortrait UIInterfaceOrientationLandscapeLeft UIInterfaceOrientationLandscapeRight";
				LD_RUNPATH_SEARCH_PATHS = (
					"$(inherited)",
					"@executable_path/Frameworks",
				);
				MARKETING_VERSION = 1.0;
				OTHER_LDFLAGS = "-ObjC";
				PRODUCT_BUNDLE_IDENTIFIER = sample.ManualInstallFluctSDK;
				PRODUCT_NAME = "$(TARGET_NAME)";
				SWIFT_EMIT_LOC_STRINGS = YES;
				TARGETED_DEVICE_FAMILY = "1,2";
			};
			name = Release;
		};
/* End XCBuildConfiguration section */

/* Begin XCConfigurationList section */
		F5F2BFD228C82F6B0051122C /* Build configuration list for PBXProject "ManualInstallFluctSDK" */ = {
			isa = XCConfigurationList;
			buildConfigurations = (
				F5F2BFEE28C82F6D0051122C /* Debug */,
				F5F2BFEF28C82F6D0051122C /* Release */,
			);
			defaultConfigurationIsVisible = 0;
			defaultConfigurationName = Release;
		};
		F5F2BFF028C82F6D0051122C /* Build configuration list for PBXNativeTarget "ManualInstallFluctSDK" */ = {
			isa = XCConfigurationList;
			buildConfigurations = (
				F5F2BFF128C82F6D0051122C /* Debug */,
				F5F2BFF228C82F6D0051122C /* Release */,
			);
			defaultConfigurationIsVisible = 0;
			defaultConfigurationName = Release;
		};
/* End XCConfigurationList section */
	};
	rootObject = F5F2BFCF28C82F6B0051122C /* Project object */;
}
